
Microsoft Visual Studio Solution File, Format Version 12.00
# Visual Studio Version 17
VisualStudioVersion = 17.8.34330.188
MinimumVisualStudioVersion = 10.0.40219.1
Project("{FAE04EC0-301F-11D3-BF4B-00C04F79EFBC}") = "HrApp", "HrApp.csproj", "{BF1C3E36-2D90-4C97-AFD7-75783BE60924}"
EndProject
Global
	GlobalSection(SolutionConfigurationPlatforms) = preSolution
		Debug|Any CPU = Debug|Any CPU
		Release|Any CPU = Release|Any CPU
	EndGlobalSection
	GlobalSection(ProjectConfigurationPlatforms) = postSolution
		{BF1C3E36-2D90-4C97-AFD7-75783BE60924}.Debug|Any CPU.ActiveCfg = Debug|Any CPU
		{BF1C3E36-2D90-4C97-AFD7-75783BE60924}.Debug|Any CPU.Build.0 = Debug|Any CPU
		{BF1C3E36-2D90-4C97-AFD7-75783BE60924}.Release|Any CPU.ActiveCfg = Release|Any CPU
		{BF1C3E36-2D90-4C97-AFD7-75783BE60924}.Release|Any CPU.Build.0 = Release|Any CPU
	EndGlobalSection
	GlobalSection(SolutionProperties) = preSolution
		HideSolutionNode = FALSE
	EndGlobalSection
	GlobalSection(ExtensibilityGlobals) = postSolution
		SolutionGuid = {E5B2B2EB-9A9A-4C8A-835C-162E2A51B644}
	EndGlobalSection
EndGlobal
